
Microsoft Visual Studio Solution File, Format Version 12.00
# Visual Studio Version 17
VisualStudioVersion = 17.3.32929.385
MinimumVisualStudioVersion = 10.0.40219.1
Project("{9A19103F-16F7-4668-BE54-9A1E7A4F7556}") = "BulkyBook.Web", "BulkyBook.Web\BulkyBook.Web.csproj", "{97EB87A5-D94C-449B-AC6A-E63702CCDD8C}"
EndProject
Project("{9A19103F-16F7-4668-BE54-9A1E7A4F7556}") = "BulkyBook.Persistence", "BulkyBook.Persistence\BulkyBook.Persistence.csproj", "{FAE81D79-55BE-413B-B3FD-6E0A88B2C5CE}"
EndProject
Project("{9A19103F-16F7-4668-BE54-9A1E7A4F7556}") = "BulkyBook.Presentation", "BulkyBook.Presentation\BulkyBook.Presentation.csproj", "{92968D82-16B0-4A59-9108-1FB5D867D226}"
EndProject
Project("{9A19103F-16F7-4668-BE54-9A1E7A4F7556}") = "BulkyBook.Configuration", "BulkyBook.Configuration\BulkyBook.Configuration.csproj", "{EB21587C-F7F8-4BCA-9489-C523D2E9CBE2}"
EndProject
Project("{9A19103F-16F7-4668-BE54-9A1E7A4F7556}") = "BulkyBook.BusinessCore", "BulkyBook.BusinessCore\BulkyBook.BusinessCore.csproj", "{E0BEA066-FA25-4F43-AFC2-2F409DF4CD5A}"
EndProject
Project("{9A19103F-16F7-4668-BE54-9A1E7A4F7556}") = "BulkyBook.Middleware", "BulkyBook.Middleware\BulkyBook.Middleware.csproj", "{594B8996-9968-45EE-8BA0-EBF58249EAE0}"
EndProject
Project("{9A19103F-16F7-4668-BE54-9A1E7A4F7556}") = "BulkyBook.Validations", "BulkyBook.Validations\BulkyBook.Validations.csproj", "{93FDF2D9-9208-4B1F-A3DF-B74F1873AC44}"
EndProject
Project("{9A19103F-16F7-4668-BE54-9A1E7A4F7556}") = "Abby.Web", "Abby.Web\Abby.Web.csproj", "{3F098B5D-8535-4380-ACB0-573ACBA1A01D}"
EndProject
Global
	GlobalSection(SolutionConfigurationPlatforms) = preSolution
		Debug|Any CPU = Debug|Any CPU
		Release|Any CPU = Release|Any CPU
	EndGlobalSection
	GlobalSection(ProjectConfigurationPlatforms) = postSolution
		{97EB87A5-D94C-449B-AC6A-E63702CCDD8C}.Debug|Any CPU.ActiveCfg = Debug|Any CPU
		{97EB87A5-D94C-449B-AC6A-E63702CCDD8C}.Debug|Any CPU.Build.0 = Debug|Any CPU
		{97EB87A5-D94C-449B-AC6A-E63702CCDD8C}.Release|Any CPU.ActiveCfg = Release|Any CPU
		{97EB87A5-D94C-449B-AC6A-E63702CCDD8C}.Release|Any CPU.Build.0 = Release|Any CPU
		{FAE81D79-55BE-413B-B3FD-6E0A88B2C5CE}.Debug|Any CPU.ActiveCfg = Debug|Any CPU
		{FAE81D79-55BE-413B-B3FD-6E0A88B2C5CE}.Debug|Any CPU.Build.0 = Debug|Any CPU
		{FAE81D79-55BE-413B-B3FD-6E0A88B2C5CE}.Release|Any CPU.ActiveCfg = Release|Any CPU
		{FAE81D79-55BE-413B-B3FD-6E0A88B2C5CE}.Release|Any CPU.Build.0 = Release|Any CPU
		{92968D82-16B0-4A59-9108-1FB5D867D226}.Debug|Any CPU.ActiveCfg = Debug|Any CPU
		{92968D82-16B0-4A59-9108-1FB5D867D226}.Debug|Any CPU.Build.0 = Debug|Any CPU
		{92968D82-16B0-4A59-9108-1FB5D867D226}.Release|Any CPU.ActiveCfg = Release|Any CPU
		{92968D82-16B0-4A59-9108-1FB5D867D226}.Release|Any CPU.Build.0 = Release|Any CPU
		{EB21587C-F7F8-4BCA-9489-C523D2E9CBE2}.Debug|Any CPU.ActiveCfg = Debug|Any CPU
		{EB21587C-F7F8-4BCA-9489-C523D2E9CBE2}.Debug|Any CPU.Build.0 = Debug|Any CPU
		{EB21587C-F7F8-4BCA-9489-C523D2E9CBE2}.Release|Any CPU.ActiveCfg = Release|Any CPU
		{EB21587C-F7F8-4BCA-9489-C523D2E9CBE2}.Release|Any CPU.Build.0 = Release|Any CPU
		{E0BEA066-FA25-4F43-AFC2-2F409DF4CD5A}.Debug|Any CPU.ActiveCfg = Debug|Any CPU
		{E0BEA066-FA25-4F43-AFC2-2F409DF4CD5A}.Debug|Any CPU.Build.0 = Debug|Any CPU
		{E0BEA066-FA25-4F43-AFC2-2F409DF4CD5A}.Release|Any CPU.ActiveCfg = Release|Any CPU
		{E0BEA066-FA25-4F43-AFC2-2F409DF4CD5A}.Release|Any CPU.Build.0 = Release|Any CPU
		{594B8996-9968-45EE-8BA0-EBF58249EAE0}.Debug|Any CPU.ActiveCfg = Debug|Any CPU
		{594B8996-9968-45EE-8BA0-EBF58249EAE0}.Debug|Any CPU.Build.0 = Debug|Any CPU
		{594B8996-9968-45EE-8BA0-EBF58249EAE0}.Release|Any CPU.ActiveCfg = Release|Any CPU
		{594B8996-9968-45EE-8BA0-EBF58249EAE0}.Release|Any CPU.Build.0 = Release|Any CPU
		{93FDF2D9-9208-4B1F-A3DF-B74F1873AC44}.Debug|Any CPU.ActiveCfg = Debug|Any CPU
		{93FDF2D9-9208-4B1F-A3DF-B74F1873AC44}.Debug|Any CPU.Build.0 = Debug|Any CPU
		{93FDF2D9-9208-4B1F-A3DF-B74F1873AC44}.Release|Any CPU.ActiveCfg = Release|Any CPU
		{93FDF2D9-9208-4B1F-A3DF-B74F1873AC44}.Release|Any CPU.Build.0 = Release|Any CPU
		{3F098B5D-8535-4380-ACB0-573ACBA1A01D}.Debug|Any CPU.ActiveCfg = Debug|Any CPU
		{3F098B5D-8535-4380-ACB0-573ACBA1A01D}.Debug|Any CPU.Build.0 = Debug|Any CPU
		{3F098B5D-8535-4380-ACB0-573ACBA1A01D}.Release|Any CPU.ActiveCfg = Release|Any CPU
		{3F098B5D-8535-4380-ACB0-573ACBA1A01D}.Release|Any CPU.Build.0 = Release|Any CPU
	EndGlobalSection
	GlobalSection(SolutionProperties) = preSolution
		HideSolutionNode = FALSE
	EndGlobalSection
	GlobalSection(ExtensibilityGlobals) = postSolution
		SolutionGuid = {FD858F2E-A677-406B-A7BE-D6076578E2B4}
	EndGlobalSection
EndGlobal
